
Microsoft Visual Studio Solution File, Format Version 12.00
# Visual Studio 2013
VisualStudioVersion = 12.0.21005.1
MinimumVisualStudioVersion = 10.0.40219.1
Project("{FAE04EC0-301F-11D3-BF4B-00C04F79EFBC}") = "OpenCAD.Kernel", "OpenCAD.Kernel\OpenCAD.Kernel.csproj", "{741A4756-823A-43D9-BB05-619BC5340756}"
EndProject
Project("{FAE04EC0-301F-11D3-BF4B-00C04F79EFBC}") = "OpenCAD.Kernel.Tests", "OpenCAD.Kernel.Tests\OpenCAD.Kernel.Tests.csproj", "{18A313B8-079F-4A11-9231-E7A4B357F518}"
EndProject
Project("{2150E333-8FDC-42A3-9474-1A3956D46DE8}") = ".nuget", ".nuget", "{8EA84B61-60FE-4856-B123-1E5F973B9DC9}"
	ProjectSection(SolutionItems) = preProject
		.nuget\NuGet.Config = .nuget\NuGet.Config
		.nuget\NuGet.exe = .nuget\NuGet.exe
		.nuget\NuGet.targets = .nuget\NuGet.targets
	EndProjectSection
EndProject
Project("{FAE04EC0-301F-11D3-BF4B-00C04F79EFBC}") = "OpenCAD.Test", "OpenCAD.Test\OpenCAD.Test.csproj", "{3C3E3D99-1AF9-4269-8A5F-995A63087456}"
EndProject
Global
	GlobalSection(SolutionConfigurationPlatforms) = preSolution
		Debug|Any CPU = Debug|Any CPU
		Release|Any CPU = Release|Any CPU
	EndGlobalSection
	GlobalSection(ProjectConfigurationPlatforms) = postSolution
		{741A4756-823A-43D9-BB05-619BC5340756}.Debug|Any CPU.ActiveCfg = Debug|Any CPU
		{741A4756-823A-43D9-BB05-619BC5340756}.Debug|Any CPU.Build.0 = Debug|Any CPU
		{741A4756-823A-43D9-BB05-619BC5340756}.Release|Any CPU.ActiveCfg = Release|Any CPU
		{741A4756-823A-43D9-BB05-619BC5340756}.Release|Any CPU.Build.0 = Release|Any CPU
		{18A313B8-079F-4A11-9231-E7A4B357F518}.Debug|Any CPU.ActiveCfg = Debug|Any CPU
		{18A313B8-079F-4A11-9231-E7A4B357F518}.Debug|Any CPU.Build.0 = Debug|Any CPU
		{18A313B8-079F-4A11-9231-E7A4B357F518}.Release|Any CPU.ActiveCfg = Release|Any CPU
		{18A313B8-079F-4A11-9231-E7A4B357F518}.Release|Any CPU.Build.0 = Release|Any CPU
		{3C3E3D99-1AF9-4269-8A5F-995A63087456}.Debug|Any CPU.ActiveCfg = Debug|Any CPU
		{3C3E3D99-1AF9-4269-8A5F-995A63087456}.Debug|Any CPU.Build.0 = Debug|Any CPU
		{3C3E3D99-1AF9-4269-8A5F-995A63087456}.Release|Any CPU.ActiveCfg = Release|Any CPU
		{3C3E3D99-1AF9-4269-8A5F-995A63087456}.Release|Any CPU.Build.0 = Release|Any CPU
	EndGlobalSection
	GlobalSection(SolutionProperties) = preSolution
		HideSolutionNode = FALSE
	EndGlobalSection
EndGlobal
