
Microsoft Visual Studio Solution File, Format Version 12.00
# Visual Studio 2013
VisualStudioVersion = 12.0.30626.0
MinimumVisualStudioVersion = 10.0.40219.1
Project("{FAE04EC0-301F-11D3-BF4B-00C04F79EFBC}") = "OpenCAD.Kernel", "OpenCAD.Kernel\OpenCAD.Kernel.csproj", "{741A4756-823A-43D9-BB05-619BC5340756}"
EndProject
Project("{FAE04EC0-301F-11D3-BF4B-00C04F79EFBC}") = "OpenCAD.Kernel.Tests", "OpenCAD.Kernel.Tests\OpenCAD.Kernel.Tests.csproj", "{18A313B8-079F-4A11-9231-E7A4B357F518}"
EndProject
Project("{2150E333-8FDC-42A3-9474-1A3956D46DE8}") = ".nuget", ".nuget", "{8EA84B61-60FE-4856-B123-1E5F973B9DC9}"
	ProjectSection(SolutionItems) = preProject
		.nuget\NuGet.Config = .nuget\NuGet.Config
		.nuget\NuGet.exe = .nuget\NuGet.exe
		.nuget\NuGet.targets = .nuget\NuGet.targets
	EndProjectSection
EndProject
Project("{FAE04EC0-301F-11D3-BF4B-00C04F79EFBC}") = "OpenCAD.Test", "OpenCAD.Test\OpenCAD.Test.csproj", "{3C3E3D99-1AF9-4269-8A5F-995A63087456}"
EndProject
Project("{FAE04EC0-301F-11D3-BF4B-00C04F79EFBC}") = "OpenCAD.Kernel.Graphics.OpenGLRenderer", "OpenCAD.Kernel.Graphics.OpenGLRenderer\OpenCAD.Kernel.Graphics.OpenGLRenderer.csproj", "{A316A14A-3A64-4E8F-BEF5-8635D7A9BE4F}"
EndProject
Project("{FAE04EC0-301F-11D3-BF4B-00C04F79EFBC}") = "OpenCAD.GraphicsTest", "OpenCAD.GraphicsTest\OpenCAD.GraphicsTest.csproj", "{EE407266-8173-4CD1-A608-ED5CEF9514E3}"
EndProject
Project("{FAE04EC0-301F-11D3-BF4B-00C04F79EFBC}") = "OpenCAD.Desktop", "OpenCAD.Desktop\OpenCAD.Desktop.csproj", "{9F3FF01F-CF86-463C-B0E6-F9C29020AD97}"
EndProject
Project("{FAE04EC0-301F-11D3-BF4B-00C04F79EFBC}") = "OpenCAD.Awesomium", "OpenCAD.Awesomium\OpenCAD.Awesomium.csproj", "{BF9F0DA0-FB65-42C1-A49B-4296FD841EDA}"
EndProject
Project("{FAE04EC0-301F-11D3-BF4B-00C04F79EFBC}") = "OpenCAD.OpenGL", "OpenCAD.OpenGL\OpenCAD.OpenGL.csproj", "{D377617B-E19F-49F4-AB9C-B6BC57815155}"
EndProject
Project("{FAE04EC0-301F-11D3-BF4B-00C04F79EFBC}") = "OpenCAD.OpenTK", "OpenCAD.OpenTK\OpenCAD.OpenTK.csproj", "{3356FF72-8562-4F5F-8528-2613AAC7D80C}"
EndProject
Project("{FAE04EC0-301F-11D3-BF4B-00C04F79EFBC}") = "OpenCAD.Formats.STL", "OpenCAD.Formats.STL\OpenCAD.Formats.STL.csproj", "{5107EAD2-B13E-41B3-93C5-76D02589169D}"
EndProject
Global
	GlobalSection(SolutionConfigurationPlatforms) = preSolution
		Debug|Any CPU = Debug|Any CPU
		Debug|Mixed Platforms = Debug|Mixed Platforms
		Debug|x64 = Debug|x64
		Release|Any CPU = Release|Any CPU
		Release|Mixed Platforms = Release|Mixed Platforms
		Release|x64 = Release|x64
	EndGlobalSection
	GlobalSection(ProjectConfigurationPlatforms) = postSolution
		{741A4756-823A-43D9-BB05-619BC5340756}.Debug|Any CPU.ActiveCfg = Debug|Any CPU
		{741A4756-823A-43D9-BB05-619BC5340756}.Debug|Any CPU.Build.0 = Debug|Any CPU
		{741A4756-823A-43D9-BB05-619BC5340756}.Debug|Mixed Platforms.ActiveCfg = Debug|Any CPU
		{741A4756-823A-43D9-BB05-619BC5340756}.Debug|Mixed Platforms.Build.0 = Debug|Any CPU
		{741A4756-823A-43D9-BB05-619BC5340756}.Debug|x64.ActiveCfg = Debug|Any CPU
		{741A4756-823A-43D9-BB05-619BC5340756}.Release|Any CPU.ActiveCfg = Release|Any CPU
		{741A4756-823A-43D9-BB05-619BC5340756}.Release|Any CPU.Build.0 = Release|Any CPU
		{741A4756-823A-43D9-BB05-619BC5340756}.Release|Mixed Platforms.ActiveCfg = Release|Any CPU
		{741A4756-823A-43D9-BB05-619BC5340756}.Release|Mixed Platforms.Build.0 = Release|Any CPU
		{741A4756-823A-43D9-BB05-619BC5340756}.Release|x64.ActiveCfg = Release|Any CPU
		{18A313B8-079F-4A11-9231-E7A4B357F518}.Debug|Any CPU.ActiveCfg = Debug|Any CPU
		{18A313B8-079F-4A11-9231-E7A4B357F518}.Debug|Any CPU.Build.0 = Debug|Any CPU
		{18A313B8-079F-4A11-9231-E7A4B357F518}.Debug|Mixed Platforms.ActiveCfg = Debug|Any CPU
		{18A313B8-079F-4A11-9231-E7A4B357F518}.Debug|Mixed Platforms.Build.0 = Debug|Any CPU
		{18A313B8-079F-4A11-9231-E7A4B357F518}.Debug|x64.ActiveCfg = Debug|Any CPU
		{18A313B8-079F-4A11-9231-E7A4B357F518}.Release|Any CPU.ActiveCfg = Release|Any CPU
		{18A313B8-079F-4A11-9231-E7A4B357F518}.Release|Any CPU.Build.0 = Release|Any CPU
		{18A313B8-079F-4A11-9231-E7A4B357F518}.Release|Mixed Platforms.ActiveCfg = Release|Any CPU
		{18A313B8-079F-4A11-9231-E7A4B357F518}.Release|Mixed Platforms.Build.0 = Release|Any CPU
		{18A313B8-079F-4A11-9231-E7A4B357F518}.Release|x64.ActiveCfg = Release|Any CPU
		{3C3E3D99-1AF9-4269-8A5F-995A63087456}.Debug|Any CPU.ActiveCfg = Debug|Any CPU
		{3C3E3D99-1AF9-4269-8A5F-995A63087456}.Debug|Any CPU.Build.0 = Debug|Any CPU
		{3C3E3D99-1AF9-4269-8A5F-995A63087456}.Debug|Mixed Platforms.ActiveCfg = Debug|Any CPU
		{3C3E3D99-1AF9-4269-8A5F-995A63087456}.Debug|Mixed Platforms.Build.0 = Debug|Any CPU
		{3C3E3D99-1AF9-4269-8A5F-995A63087456}.Debug|x64.ActiveCfg = Debug|Any CPU
		{3C3E3D99-1AF9-4269-8A5F-995A63087456}.Release|Any CPU.ActiveCfg = Release|Any CPU
		{3C3E3D99-1AF9-4269-8A5F-995A63087456}.Release|Any CPU.Build.0 = Release|Any CPU
		{3C3E3D99-1AF9-4269-8A5F-995A63087456}.Release|Mixed Platforms.ActiveCfg = Release|Any CPU
		{3C3E3D99-1AF9-4269-8A5F-995A63087456}.Release|Mixed Platforms.Build.0 = Release|Any CPU
		{3C3E3D99-1AF9-4269-8A5F-995A63087456}.Release|x64.ActiveCfg = Release|Any CPU
		{A316A14A-3A64-4E8F-BEF5-8635D7A9BE4F}.Debug|Any CPU.ActiveCfg = Debug|Any CPU
		{A316A14A-3A64-4E8F-BEF5-8635D7A9BE4F}.Debug|Any CPU.Build.0 = Debug|Any CPU
		{A316A14A-3A64-4E8F-BEF5-8635D7A9BE4F}.Debug|Mixed Platforms.ActiveCfg = Debug|Any CPU
		{A316A14A-3A64-4E8F-BEF5-8635D7A9BE4F}.Debug|Mixed Platforms.Build.0 = Debug|Any CPU
		{A316A14A-3A64-4E8F-BEF5-8635D7A9BE4F}.Debug|x64.ActiveCfg = Debug|Any CPU
		{A316A14A-3A64-4E8F-BEF5-8635D7A9BE4F}.Release|Any CPU.ActiveCfg = Release|Any CPU
		{A316A14A-3A64-4E8F-BEF5-8635D7A9BE4F}.Release|Any CPU.Build.0 = Release|Any CPU
		{A316A14A-3A64-4E8F-BEF5-8635D7A9BE4F}.Release|Mixed Platforms.ActiveCfg = Release|Any CPU
		{A316A14A-3A64-4E8F-BEF5-8635D7A9BE4F}.Release|Mixed Platforms.Build.0 = Release|Any CPU
		{A316A14A-3A64-4E8F-BEF5-8635D7A9BE4F}.Release|x64.ActiveCfg = Release|Any CPU
		{EE407266-8173-4CD1-A608-ED5CEF9514E3}.Debug|Any CPU.ActiveCfg = Debug|Any CPU
		{EE407266-8173-4CD1-A608-ED5CEF9514E3}.Debug|Any CPU.Build.0 = Debug|Any CPU
		{EE407266-8173-4CD1-A608-ED5CEF9514E3}.Debug|Mixed Platforms.ActiveCfg = Debug|Any CPU
		{EE407266-8173-4CD1-A608-ED5CEF9514E3}.Debug|Mixed Platforms.Build.0 = Debug|Any CPU
		{EE407266-8173-4CD1-A608-ED5CEF9514E3}.Debug|x64.ActiveCfg = Debug|Any CPU
		{EE407266-8173-4CD1-A608-ED5CEF9514E3}.Debug|x64.Build.0 = Debug|Any CPU
		{EE407266-8173-4CD1-A608-ED5CEF9514E3}.Release|Any CPU.ActiveCfg = Release|Any CPU
		{EE407266-8173-4CD1-A608-ED5CEF9514E3}.Release|Any CPU.Build.0 = Release|Any CPU
		{EE407266-8173-4CD1-A608-ED5CEF9514E3}.Release|Mixed Platforms.ActiveCfg = Release|Any CPU
		{EE407266-8173-4CD1-A608-ED5CEF9514E3}.Release|Mixed Platforms.Build.0 = Release|Any CPU
		{EE407266-8173-4CD1-A608-ED5CEF9514E3}.Release|x64.ActiveCfg = Release|x64
		{EE407266-8173-4CD1-A608-ED5CEF9514E3}.Release|x64.Build.0 = Release|x64
		{9F3FF01F-CF86-463C-B0E6-F9C29020AD97}.Debug|Any CPU.ActiveCfg = Debug|Any CPU
		{9F3FF01F-CF86-463C-B0E6-F9C29020AD97}.Debug|Any CPU.Build.0 = Debug|Any CPU
		{9F3FF01F-CF86-463C-B0E6-F9C29020AD97}.Debug|Mixed Platforms.ActiveCfg = Debug|Any CPU
		{9F3FF01F-CF86-463C-B0E6-F9C29020AD97}.Debug|Mixed Platforms.Build.0 = Debug|Any CPU
		{9F3FF01F-CF86-463C-B0E6-F9C29020AD97}.Debug|x64.ActiveCfg = Debug|Any CPU
		{9F3FF01F-CF86-463C-B0E6-F9C29020AD97}.Release|Any CPU.ActiveCfg = Release|Any CPU
		{9F3FF01F-CF86-463C-B0E6-F9C29020AD97}.Release|Any CPU.Build.0 = Release|Any CPU
		{9F3FF01F-CF86-463C-B0E6-F9C29020AD97}.Release|Mixed Platforms.ActiveCfg = Release|Any CPU
		{9F3FF01F-CF86-463C-B0E6-F9C29020AD97}.Release|Mixed Platforms.Build.0 = Release|Any CPU
		{9F3FF01F-CF86-463C-B0E6-F9C29020AD97}.Release|x64.ActiveCfg = Release|Any CPU
		{BF9F0DA0-FB65-42C1-A49B-4296FD841EDA}.Debug|Any CPU.ActiveCfg = Debug|Any CPU
		{BF9F0DA0-FB65-42C1-A49B-4296FD841EDA}.Debug|Any CPU.Build.0 = Debug|Any CPU
		{BF9F0DA0-FB65-42C1-A49B-4296FD841EDA}.Debug|Mixed Platforms.ActiveCfg = Debug|Any CPU
		{BF9F0DA0-FB65-42C1-A49B-4296FD841EDA}.Debug|Mixed Platforms.Build.0 = Debug|Any CPU
		{BF9F0DA0-FB65-42C1-A49B-4296FD841EDA}.Debug|x64.ActiveCfg = Debug|Any CPU
		{BF9F0DA0-FB65-42C1-A49B-4296FD841EDA}.Release|Any CPU.ActiveCfg = Release|Any CPU
		{BF9F0DA0-FB65-42C1-A49B-4296FD841EDA}.Release|Any CPU.Build.0 = Release|Any CPU
		{BF9F0DA0-FB65-42C1-A49B-4296FD841EDA}.Release|Mixed Platforms.ActiveCfg = Release|Any CPU
		{BF9F0DA0-FB65-42C1-A49B-4296FD841EDA}.Release|Mixed Platforms.Build.0 = Release|Any CPU
		{BF9F0DA0-FB65-42C1-A49B-4296FD841EDA}.Release|x64.ActiveCfg = Release|Any CPU
		{D377617B-E19F-49F4-AB9C-B6BC57815155}.Debug|Any CPU.ActiveCfg = Debug|Any CPU
		{D377617B-E19F-49F4-AB9C-B6BC57815155}.Debug|Any CPU.Build.0 = Debug|Any CPU
		{D377617B-E19F-49F4-AB9C-B6BC57815155}.Debug|Mixed Platforms.ActiveCfg = Debug|Any CPU
		{D377617B-E19F-49F4-AB9C-B6BC57815155}.Debug|Mixed Platforms.Build.0 = Debug|Any CPU
		{D377617B-E19F-49F4-AB9C-B6BC57815155}.Debug|x64.ActiveCfg = Debug|Any CPU
		{D377617B-E19F-49F4-AB9C-B6BC57815155}.Release|Any CPU.ActiveCfg = Release|Any CPU
		{D377617B-E19F-49F4-AB9C-B6BC57815155}.Release|Any CPU.Build.0 = Release|Any CPU
		{D377617B-E19F-49F4-AB9C-B6BC57815155}.Release|Mixed Platforms.ActiveCfg = Release|Any CPU
		{D377617B-E19F-49F4-AB9C-B6BC57815155}.Release|Mixed Platforms.Build.0 = Release|Any CPU
		{D377617B-E19F-49F4-AB9C-B6BC57815155}.Release|x64.ActiveCfg = Release|Any CPU
		{3356FF72-8562-4F5F-8528-2613AAC7D80C}.Debug|Any CPU.ActiveCfg = Debug|Any CPU
		{3356FF72-8562-4F5F-8528-2613AAC7D80C}.Debug|Any CPU.Build.0 = Debug|Any CPU
		{3356FF72-8562-4F5F-8528-2613AAC7D80C}.Debug|Mixed Platforms.ActiveCfg = Debug|Any CPU
		{3356FF72-8562-4F5F-8528-2613AAC7D80C}.Debug|Mixed Platforms.Build.0 = Debug|Any CPU
		{3356FF72-8562-4F5F-8528-2613AAC7D80C}.Debug|x64.ActiveCfg = Debug|Any CPU
		{3356FF72-8562-4F5F-8528-2613AAC7D80C}.Release|Any CPU.ActiveCfg = Release|Any CPU
		{3356FF72-8562-4F5F-8528-2613AAC7D80C}.Release|Any CPU.Build.0 = Release|Any CPU
		{3356FF72-8562-4F5F-8528-2613AAC7D80C}.Release|Mixed Platforms.ActiveCfg = Release|Any CPU
		{3356FF72-8562-4F5F-8528-2613AAC7D80C}.Release|Mixed Platforms.Build.0 = Release|Any CPU
		{3356FF72-8562-4F5F-8528-2613AAC7D80C}.Release|x64.ActiveCfg = Release|Any CPU
		{5107EAD2-B13E-41B3-93C5-76D02589169D}.Debug|Any CPU.ActiveCfg = Debug|Any CPU
		{5107EAD2-B13E-41B3-93C5-76D02589169D}.Debug|Any CPU.Build.0 = Debug|Any CPU
		{5107EAD2-B13E-41B3-93C5-76D02589169D}.Debug|Mixed Platforms.ActiveCfg = Debug|Any CPU
		{5107EAD2-B13E-41B3-93C5-76D02589169D}.Debug|Mixed Platforms.Build.0 = Debug|Any CPU
		{5107EAD2-B13E-41B3-93C5-76D02589169D}.Debug|x64.ActiveCfg = Debug|Any CPU
		{5107EAD2-B13E-41B3-93C5-76D02589169D}.Release|Any CPU.ActiveCfg = Release|Any CPU
		{5107EAD2-B13E-41B3-93C5-76D02589169D}.Release|Any CPU.Build.0 = Release|Any CPU
		{5107EAD2-B13E-41B3-93C5-76D02589169D}.Release|Mixed Platforms.ActiveCfg = Release|Any CPU
		{5107EAD2-B13E-41B3-93C5-76D02589169D}.Release|Mixed Platforms.Build.0 = Release|Any CPU
		{5107EAD2-B13E-41B3-93C5-76D02589169D}.Release|x64.ActiveCfg = Release|Any CPU
	EndGlobalSection
	GlobalSection(SolutionProperties) = preSolution
		HideSolutionNode = FALSE
	EndGlobalSection
EndGlobal
